
Microsoft Visual Studio Solution File, Format Version 12.00
# Visual Studio Version 16
VisualStudioVersion = 16.0.31624.102
MinimumVisualStudioVersion = 10.0.40219.1
Project("{888888A0-9F3D-457C-B088-3A5042F75D52}") = "Laba-Python", "Laba-Python.pyproj", "{EB9D3395-F244-4CEB-A807-0249D83722BE}"
EndProject
Global
	GlobalSection(SolutionConfigurationPlatforms) = preSolution
		Debug|Any CPU = Debug|Any CPU
		Release|Any CPU = Release|Any CPU
	EndGlobalSection
	GlobalSection(ProjectConfigurationPlatforms) = postSolution
		{EB9D3395-F244-4CEB-A807-0249D83722BE}.Debug|Any CPU.ActiveCfg = Debug|Any CPU
		{EB9D3395-F244-4CEB-A807-0249D83722BE}.Release|Any CPU.ActiveCfg = Release|Any CPU
	EndGlobalSection
	GlobalSection(SolutionProperties) = preSolution
		HideSolutionNode = FALSE
	EndGlobalSection
	GlobalSection(ExtensibilityGlobals) = postSolution
		SolutionGuid = {6823ACC5-23DD-41A7-851D-0C8D35A83DAD}
	EndGlobalSection
EndGlobal
