
Microsoft Visual Studio Solution File, Format Version 12.00
# Visual Studio Version 16
VisualStudioVersion = 16.0.31624.102
MinimumVisualStudioVersion = 10.0.40219.1
Project("{888888A0-9F3D-457C-B088-3A5042F75D52}") = "Laba-Python", "Laba-Python.pyproj", "{A71259D1-55C6-4BB5-93D4-E426403FA94F}"
EndProject
Global
	GlobalSection(SolutionConfigurationPlatforms) = preSolution
		Debug|Any CPU = Debug|Any CPU
		Release|Any CPU = Release|Any CPU
	EndGlobalSection
	GlobalSection(ProjectConfigurationPlatforms) = postSolution
		{A71259D1-55C6-4BB5-93D4-E426403FA94F}.Debug|Any CPU.ActiveCfg = Debug|Any CPU
		{A71259D1-55C6-4BB5-93D4-E426403FA94F}.Release|Any CPU.ActiveCfg = Release|Any CPU
	EndGlobalSection
	GlobalSection(SolutionProperties) = preSolution
		HideSolutionNode = FALSE
	EndGlobalSection
	GlobalSection(ExtensibilityGlobals) = postSolution
		SolutionGuid = {EFC0B564-F20C-4890-B887-127D6E600995}
	EndGlobalSection
EndGlobal
