
Microsoft Visual Studio Solution File, Format Version 12.00
# Visual Studio Version 16
VisualStudioVersion = 16.0.31624.102
MinimumVisualStudioVersion = 10.0.40219.1
Project("{888888A0-9F3D-457C-B088-3A5042F75D52}") = "Laba-Python", "Laba-Python.pyproj", "{3EF7AF1A-1E6A-4BC2-8009-E8416953EE7A}"
EndProject
Global
	GlobalSection(SolutionConfigurationPlatforms) = preSolution
		Debug|Any CPU = Debug|Any CPU
		Release|Any CPU = Release|Any CPU
	EndGlobalSection
	GlobalSection(ProjectConfigurationPlatforms) = postSolution
		{3EF7AF1A-1E6A-4BC2-8009-E8416953EE7A}.Debug|Any CPU.ActiveCfg = Debug|Any CPU
		{3EF7AF1A-1E6A-4BC2-8009-E8416953EE7A}.Release|Any CPU.ActiveCfg = Release|Any CPU
	EndGlobalSection
	GlobalSection(SolutionProperties) = preSolution
		HideSolutionNode = FALSE
	EndGlobalSection
	GlobalSection(ExtensibilityGlobals) = postSolution
		SolutionGuid = {8CEFC83C-F31F-470E-9383-C9CBD8414386}
	EndGlobalSection
EndGlobal
