
Microsoft Visual Studio Solution File, Format Version 12.00
# Visual Studio Version 16
VisualStudioVersion = 16.0.31624.102
MinimumVisualStudioVersion = 10.0.40219.1
Project("{888888A0-9F3D-457C-B088-3A5042F75D52}") = "Laba-Python", "Laba-Python.pyproj", "{4D3BB140-A903-42DD-94A2-F6A5315756BE}"
EndProject
Global
	GlobalSection(SolutionConfigurationPlatforms) = preSolution
		Debug|Any CPU = Debug|Any CPU
		Release|Any CPU = Release|Any CPU
	EndGlobalSection
	GlobalSection(ProjectConfigurationPlatforms) = postSolution
		{4D3BB140-A903-42DD-94A2-F6A5315756BE}.Debug|Any CPU.ActiveCfg = Debug|Any CPU
		{4D3BB140-A903-42DD-94A2-F6A5315756BE}.Release|Any CPU.ActiveCfg = Release|Any CPU
	EndGlobalSection
	GlobalSection(SolutionProperties) = preSolution
		HideSolutionNode = FALSE
	EndGlobalSection
	GlobalSection(ExtensibilityGlobals) = postSolution
		SolutionGuid = {44267296-AD2C-4707-BF98-0870EAC22DC4}
	EndGlobalSection
EndGlobal
